
Microsoft Visual Studio Solution File, Format Version 12.00
# Visual Studio Version 17
VisualStudioVersion = 17.14.36414.22
MinimumVisualStudioVersion = 10.0.40219.1
Project("{FAE04EC0-301F-11D3-BF4B-00C04F79EFBC}") = "Project2025-GMKNF", "SemesterProject2025GMKNF\Project2025-GMKNF.csproj", "{FC92961C-43D2-4F97-823E-547243C40314}"
EndProject
Project("{FAE04EC0-301F-11D3-BF4B-00C04F79EFBC}") = "ProjectClassLibrary", "ProjectClassLibrary\ProjectClassLibrary.csproj", "{222BFEC3-D47E-4219-A153-57FA797506DD}"
EndProject
Project("{FAE04EC0-301F-11D3-BF4B-00C04F79EFBC}") = "RazorPage", "RazorPage\RazorPage.csproj", "{04BC371E-BDCC-4A9F-8AB6-98F9E3CC873B}"
EndProject
Project("{FAE04EC0-301F-11D3-BF4B-00C04F79EFBC}") = "MariaTest", "MariaTest\MariaTest.csproj", "{725AA111-904B-4482-A74A-CDB0EB2C2787}"
EndProject
Project("{FAE04EC0-301F-11D3-BF4B-00C04F79EFBC}") = "KasperTest", "KasperTest\KasperTest.csproj", "{E6CD16E0-ABF2-4439-AC46-7B801729F907}"
EndProject
Global
	GlobalSection(SolutionConfigurationPlatforms) = preSolution
		Debug|Any CPU = Debug|Any CPU
		Release|Any CPU = Release|Any CPU
	EndGlobalSection
	GlobalSection(ProjectConfigurationPlatforms) = postSolution
		{FC92961C-43D2-4F97-823E-547243C40314}.Debug|Any CPU.ActiveCfg = Debug|Any CPU
		{FC92961C-43D2-4F97-823E-547243C40314}.Debug|Any CPU.Build.0 = Debug|Any CPU
		{FC92961C-43D2-4F97-823E-547243C40314}.Release|Any CPU.ActiveCfg = Release|Any CPU
		{FC92961C-43D2-4F97-823E-547243C40314}.Release|Any CPU.Build.0 = Release|Any CPU
		{222BFEC3-D47E-4219-A153-57FA797506DD}.Debug|Any CPU.ActiveCfg = Debug|Any CPU
		{222BFEC3-D47E-4219-A153-57FA797506DD}.Debug|Any CPU.Build.0 = Debug|Any CPU
		{222BFEC3-D47E-4219-A153-57FA797506DD}.Release|Any CPU.ActiveCfg = Release|Any CPU
		{222BFEC3-D47E-4219-A153-57FA797506DD}.Release|Any CPU.Build.0 = Release|Any CPU
		{04BC371E-BDCC-4A9F-8AB6-98F9E3CC873B}.Debug|Any CPU.ActiveCfg = Debug|Any CPU
		{04BC371E-BDCC-4A9F-8AB6-98F9E3CC873B}.Debug|Any CPU.Build.0 = Debug|Any CPU
		{04BC371E-BDCC-4A9F-8AB6-98F9E3CC873B}.Release|Any CPU.ActiveCfg = Release|Any CPU
		{04BC371E-BDCC-4A9F-8AB6-98F9E3CC873B}.Release|Any CPU.Build.0 = Release|Any CPU
		{725AA111-904B-4482-A74A-CDB0EB2C2787}.Debug|Any CPU.ActiveCfg = Debug|Any CPU
		{725AA111-904B-4482-A74A-CDB0EB2C2787}.Debug|Any CPU.Build.0 = Debug|Any CPU
		{725AA111-904B-4482-A74A-CDB0EB2C2787}.Release|Any CPU.ActiveCfg = Release|Any CPU
		{725AA111-904B-4482-A74A-CDB0EB2C2787}.Release|Any CPU.Build.0 = Release|Any CPU
		{E6CD16E0-ABF2-4439-AC46-7B801729F907}.Debug|Any CPU.ActiveCfg = Debug|Any CPU
		{E6CD16E0-ABF2-4439-AC46-7B801729F907}.Debug|Any CPU.Build.0 = Debug|Any CPU
		{E6CD16E0-ABF2-4439-AC46-7B801729F907}.Release|Any CPU.ActiveCfg = Release|Any CPU
		{E6CD16E0-ABF2-4439-AC46-7B801729F907}.Release|Any CPU.Build.0 = Release|Any CPU
	EndGlobalSection
	GlobalSection(SolutionProperties) = preSolution
		HideSolutionNode = FALSE
	EndGlobalSection
	GlobalSection(ExtensibilityGlobals) = postSolution
		SolutionGuid = {B98865D8-C955-4013-BA96-5B1802EEB77B}
	EndGlobalSection
EndGlobal
